{
  "version": 4,
  "terraform_version": "1.4.7",
  "serial": 3,
  "lineage": "591b8794-19e9-b299-1d36-191e64ce8b3d",
  "outputs": {},
  "resources": [
    {
      "mode": "managed",
      "type": "helm_release",
      "name": "postgres",
      "provider": "provider[\"registry.terraform.io/hashicorp/helm\"]",
      "instances": [
        {
          "schema_version": 1,
          "attributes": {
            "atomic": false,
            "chart": "postgresql",
            "cleanup_on_fail": false,
            "create_namespace": false,
            "dependency_update": false,
            "description": "Upgrade complete",
            "devel": null,
            "disable_crd_hooks": false,
            "disable_openapi_validation": false,
            "disable_webhooks": false,
            "force_update": false,
            "id": "postgres",
            "keyring": null,
            "lint": false,
            "manifest": null,
            "max_history": 0,
            "metadata": [
              {
                "app_version": "16.2.0",
                "chart": "postgresql",
                "name": "postgres",
                "namespace": "postgres",
                "revision": 8,
                "values": "{\"primary\":{\"initdb\":{\"scripts\":{\"custom_db_setup.sh\":\"#!/bin/bash\\nexport PGPASSWORD=$POSTGRES_PASSWORD\\npsql -U postgres -c 'CREATE DATABASE \\\"comrade-chatgpt-bot-db\\\";'\\npsql -U postgres -c 'CREATE DATABASE \\\"comrade-ho-chi-minh-db\\\";'\\npsql -U postgres -c 'CREATE DATABASE \\\"Germes_DB\\\";'\\n\"}},\"persistence\":{\"size\":\"1Gi\",\"storageClass\":\"do-block-storage\"}}}",
                "version": "15.2.5"
              }
            ],
            "name": "postgres",
            "namespace": "postgres",
            "pass_credentials": false,
            "postrender": [],
            "recreate_pods": false,
            "render_subchart_notes": true,
            "replace": false,
            "repository": "https://charts.bitnami.com/bitnami",
            "repository_ca_file": null,
            "repository_cert_file": null,
            "repository_key_file": null,
            "repository_password": null,
            "repository_username": null,
            "reset_values": false,
            "reuse_values": false,
            "set": [],
            "set_list": [],
            "set_sensitive": [],
            "skip_crds": false,
            "status": "deployed",
            "timeout": 300,
            "values": [
              "primary:\n  persistence:\n    size: 1Gi\n    storageClass: do-block-storage\n  initdb:\n    scripts:\n      custom_db_setup.sh: |\n        #!/bin/bash\n        export PGPASSWORD=$POSTGRES_PASSWORD\n        psql -U postgres -c 'CREATE DATABASE \"comrade-chatgpt-bot-db\";'\n        psql -U postgres -c 'CREATE DATABASE \"comrade-ho-chi-minh-db\";'\n        psql -U postgres -c 'CREATE DATABASE \"Germes_DB\";'\n"
            ],
            "verify": false,
            "version": "15.2.5",
            "wait": true,
            "wait_for_jobs": false
          },
          "sensitive_attributes": [],
          "private": "eyJzY2hlbWFfdmVyc2lvbiI6IjEifQ=="
        }
      ]
    }
  ],
  "check_results": null
}
