{
  "version": 4,
  "terraform_version": "1.4.7",
  "serial": 3,
  "lineage": "b666b5c2-c594-a079-7ac4-d065ae4e940b",
  "outputs": {},
  "resources": [
    {
      "mode": "managed",
      "type": "helm_release",
      "name": "grafana",
      "provider": "provider[\"registry.terraform.io/hashicorp/helm\"]",
      "instances": [
        {
          "schema_version": 1,
          "attributes": {
            "atomic": false,
            "chart": "grafana",
            "cleanup_on_fail": false,
            "create_namespace": false,
            "dependency_update": false,
            "description": "Upgrade complete",
            "devel": null,
            "disable_crd_hooks": false,
            "disable_openapi_validation": false,
            "disable_webhooks": false,
            "force_update": false,
            "id": "grafana",
            "keyring": null,
            "lint": false,
            "manifest": null,
            "max_history": 0,
            "metadata": [
              {
                "app_version": "10.4.1",
                "chart": "grafana",
                "name": "grafana",
                "namespace": "grafana",
                "revision": 5,
                "values": "{\"datasources\":{\"datasources.yaml\":{\"apiVersion\":1,\"datasources\":[{\"access\":\"proxy\",\"isDefault\":true,\"name\":\"Loki\",\"type\":\"loki\",\"url\":\"http://loki-gateway.loki:80\"}]}},\"persistence\":{\"accessModes\":[\"ReadWriteOnce\"],\"enabled\":true,\"size\":\"1Gi\",\"storageClassName\":\"do-block-storage\",\"type\":\"pvc\"}}",
                "version": "7.3.9"
              }
            ],
            "name": "grafana",
            "namespace": "grafana",
            "pass_credentials": false,
            "postrender": [],
            "recreate_pods": false,
            "render_subchart_notes": true,
            "replace": false,
            "repository": "https://grafana.github.io/helm-charts",
            "repository_ca_file": null,
            "repository_cert_file": null,
            "repository_key_file": null,
            "repository_password": null,
            "repository_username": null,
            "reset_values": false,
            "reuse_values": false,
            "set": [],
            "set_list": [],
            "set_sensitive": [],
            "skip_crds": false,
            "status": "deployed",
            "timeout": 300,
            "values": [
              "persistence:\n  type: pvc\n  enabled: true\n  storageClassName: do-block-storage\n  accessModes:\n    - ReadWriteOnce\n  size: 1Gi\n\ndatasources:\n  datasources.yaml:\n    apiVersion: 1\n    datasources:\n    - name: Loki\n      type: loki\n      url: http://loki-gateway.loki:80\n      access: proxy\n      isDefault: true"
            ],
            "verify": false,
            "version": "7.3.9",
            "wait": true,
            "wait_for_jobs": false
          },
          "sensitive_attributes": [],
          "private": "eyJzY2hlbWFfdmVyc2lvbiI6IjEifQ=="
        }
      ]
    }
  ],
  "check_results": null
}
