{
  "version": 4,
  "terraform_version": "1.4.7",
  "serial": 1,
  "lineage": "3d9c9db4-b1b4-deff-80de-4251a72c4100",
  "outputs": {},
  "resources": [
    {
      "mode": "managed",
      "type": "helm_release",
      "name": "loki",
      "provider": "provider[\"registry.terraform.io/hashicorp/helm\"]",
      "instances": [
        {
          "schema_version": 1,
          "attributes": {
            "atomic": false,
            "chart": "loki",
            "cleanup_on_fail": false,
            "create_namespace": false,
            "dependency_update": false,
            "description": "Upgrade complete",
            "devel": null,
            "disable_crd_hooks": false,
            "disable_openapi_validation": false,
            "disable_webhooks": false,
            "force_update": false,
            "id": "loki",
            "keyring": null,
            "lint": false,
            "manifest": null,
            "max_history": 0,
            "metadata": [
              {
                "app_version": "2.9.6",
                "chart": "loki",
                "name": "loki",
                "namespace": "loki",
                "revision": 5,
                "values": "{\"gateway\":{\"enabled\":true},\"loki\":{\"auth_enabled\":false,\"commonConfig\":{\"replication_factor\":1},\"storage\":{\"type\":\"filesystem\"}},\"monitoring\":{\"lokiCanary\":{\"enabled\":false},\"selfMonitoring\":{\"grafanaAgent\":{\"installOperator\":false}}},\"singleBinary\":{\"persistence\":{\"size\":\"1Gi\"},\"replicas\":1,\"storageClass\":\"do-block-storage\"},\"test\":{\"enabled\":false}}",
                "version": "5.47.2"
              }
            ],
            "name": "loki",
            "namespace": "loki",
            "pass_credentials": false,
            "postrender": [],
            "recreate_pods": false,
            "render_subchart_notes": true,
            "replace": false,
            "repository": null,
            "repository_ca_file": null,
            "repository_cert_file": null,
            "repository_key_file": null,
            "repository_password": null,
            "repository_username": null,
            "reset_values": false,
            "reuse_values": false,
            "set": [],
            "set_list": [],
            "set_sensitive": [],
            "skip_crds": false,
            "status": "deployed",
            "timeout": 300,
            "values": null,
            "verify": false,
            "version": "5.47.2",
            "wait": true,
            "wait_for_jobs": false
          },
          "sensitive_attributes": [],
          "private": "eyJzY2hlbWFfdmVyc2lvbiI6IjEifQ=="
        }
      ]
    }
  ],
  "check_results": null
}
