{
  "version": 4,
  "terraform_version": "1.4.7",
  "serial": 3,
  "lineage": "a72f0d56-f957-28c4-0e71-463ca4b18cbe",
  "outputs": {},
  "resources": [
    {
      "mode": "managed",
      "type": "helm_release",
      "name": "prometheus",
      "provider": "provider[\"registry.terraform.io/hashicorp/helm\"]",
      "instances": [
        {
          "schema_version": 1,
          "attributes": {
            "atomic": false,
            "chart": "kube-prometheus-stack",
            "cleanup_on_fail": false,
            "create_namespace": false,
            "dependency_update": false,
            "description": "Upgrade complete",
            "devel": null,
            "disable_crd_hooks": false,
            "disable_openapi_validation": false,
            "disable_webhooks": false,
            "force_update": false,
            "id": "prometheus",
            "keyring": null,
            "lint": false,
            "manifest": null,
            "max_history": 0,
            "metadata": [
              {
                "app_version": "v0.74.0",
                "chart": "kube-prometheus-stack",
                "name": "prometheus",
                "namespace": "monitoring",
                "revision": 4,
                "values": "{\"alertmanager\":{\"enabled\":false},\"grafana\":{\"enabled\":false},\"kube-state-metrics\":{\"enabled\":true},\"nodeExporter\":{\"enabled\":true},\"prometheus\":{\"enabled\":true,\"prometheusSpec\":{\"storageSpec\":{\"volumeClaimTemplate\":{\"spec\":{\"accessModes\":[\"ReadWriteOnce\"],\"resources\":{\"requests\":{\"storage\":\"2Gi\"}},\"storageClassName\":\"do-block-storage\"}}}}}}",
                "version": "59.1.0"
              }
            ],
            "name": "prometheus",
            "namespace": "monitoring",
            "pass_credentials": false,
            "postrender": [],
            "recreate_pods": false,
            "render_subchart_notes": true,
            "replace": false,
            "repository": "https://prometheus-community.github.io/helm-charts",
            "repository_ca_file": null,
            "repository_cert_file": null,
            "repository_key_file": null,
            "repository_password": null,
            "repository_username": null,
            "reset_values": false,
            "reuse_values": false,
            "set": [],
            "set_list": [],
            "set_sensitive": [],
            "skip_crds": false,
            "status": "deployed",
            "timeout": 300,
            "values": [
              "alertmanager:\n  enabled: false\ngrafana:\n  enabled: false\nkube-state-metrics:\n  enabled: true\nnodeExporter:\n  enabled: true\nprometheus:\n  enabled: true\n  prometheusSpec:\n    storageSpec:\n      volumeClaimTemplate:\n        spec:\n          accessModes:\n          - ReadWriteOnce\n          resources:\n            requests:\n              storage: 2Gi\n          storageClassName: do-block-storage"
            ],
            "verify": false,
            "version": "59.1.0",
            "wait": true,
            "wait_for_jobs": false
          },
          "sensitive_attributes": [],
          "private": "eyJzY2hlbWFfdmVyc2lvbiI6IjEifQ=="
        }
      ]
    }
  ],
  "check_results": null
}
